// !$*UTF8*$!
{
	archiveVersion = 1;
	classes = {
	};
	objectVersion = 46;
	objects = {

/* Begin PBXBuildFile section */
		5EBFD3681B4550180023C881 /* main.m in Sources */ = {isa = PBXBuildFile; fileRef = 5EBFD3671B4550180023C881 /* main.m */; };
		5EBFD36B1B4550180023C881 /* AppDelegate.m in Sources */ = {isa = PBXBuildFile; fileRef = 5EBFD36A1B4550180023C881 /* AppDelegate.m */; };
		5EBFD36E1B4550180023C881 /* ViewController.m in Sources */ = {isa = PBXBuildFile; fileRef = 5EBFD36D1B4550180023C881 /* ViewController.m */; };
		5EBFD3711B4550180023C881 /* Main.storyboard in Resources */ = {isa = PBXBuildFile; fileRef = 5EBFD36F1B4550180023C881 /* Main.storyboard */; };
		5EBFD3731B4550180023C881 /* Images.xcassets in Resources */ = {isa = PBXBuildFile; fileRef = 5EBFD3721B4550180023C881 /* Images.xcassets */; };
		5EBFD3761B4550180023C881 /* LaunchScreen.xib in Resources */ = {isa = PBXBuildFile; fileRef = 5EBFD3741B4550180023C881 /* LaunchScreen.xib */; };
		5EBFD3821B4550180023C881 /* CroudiaCoolClientTests.m in Sources */ = {isa = PBXBuildFile; fileRef = 5EBFD3811B4550180023C881 /* CroudiaCoolClientTests.m */; };
		5EBFD38F1B4551200023C881 /* User.m in Sources */ = {isa = PBXBuildFile; fileRef = 5EBFD38E1B4551200023C881 /* User.m */; };
		5EBFD3921B45512D0023C881 /* Communicator.m in Sources */ = {isa = PBXBuildFile; fileRef = 5EBFD3911B45512D0023C881 /* Communicator.m */; };
/* End PBXBuildFile section */

/* Begin PBXContainerItemProxy section */
		5EBFD37C1B4550180023C881 /* PBXContainerItemProxy */ = {
			isa = PBXContainerItemProxy;
			containerPortal = 5EBFD35A1B4550180023C881 /* Project object */;
			proxyType = 1;
			remoteGlobalIDString = 5EBFD3611B4550180023C881;
			remoteInfo = CroudiaCoolClient;
		};
/* End PBXContainerItemProxy section */

/* Begin PBXFileReference section */
		30562C081B1391D0B6E50F1F /* Pods.debug.xcconfig */ = {isa = PBXFileReference; includeInIndex = 1; lastKnownFileType = text.xcconfig; name = Pods.debug.xcconfig; path = "Pods/Target Support Files/Pods/Pods.debug.xcconfig"; sourceTree = "<group>"; };
		5EBFD3621B4550180023C881 /* CroudiaCoolClient.app */ = {isa = PBXFileReference; explicitFileType = wrapper.application; includeInIndex = 0; path = CroudiaCoolClient.app; sourceTree = BUILT_PRODUCTS_DIR; };
		5EBFD3661B4550180023C881 /* Info.plist */ = {isa = PBXFileReference; lastKnownFileType = text.plist.xml; path = Info.plist; sourceTree = "<group>"; };
		5EBFD3671B4550180023C881 /* main.m */ = {isa = PBXFileReference; lastKnownFileType = sourcecode.c.objc; path = main.m; sourceTree = "<group>"; };
		5EBFD3691B4550180023C881 /* AppDelegate.h */ = {isa = PBXFileReference; lastKnownFileType = sourcecode.c.h; path = AppDelegate.h; sourceTree = "<group>"; };
		5EBFD36A1B4550180023C881 /* AppDelegate.m */ = {isa = PBXFileReference; lastKnownFileType = sourcecode.c.objc; path = AppDelegate.m; sourceTree = "<group>"; };
		5EBFD36C1B4550180023C881 /* ViewController.h */ = {isa = PBXFileReference; lastKnownFileType = sourcecode.c.h; path = ViewController.h; sourceTree = "<group>"; };
		5EBFD36D1B4550180023C881 /* ViewController.m */ = {isa = PBXFileReference; lastKnownFileType = sourcecode.c.objc; path = ViewController.m; sourceTree = "<group>"; };
		5EBFD3701B4550180023C881 /* Base */ = {isa = PBXFileReference; lastKnownFileType = file.storyboard; name = Base; path = Base.lproj/Main.storyboard; sourceTree = "<group>"; };
		5EBFD3721B4550180023C881 /* Images.xcassets */ = {isa = PBXFileReference; lastKnownFileType = folder.assetcatalog; path = Images.xcassets; sourceTree = "<group>"; };
		5EBFD3751B4550180023C881 /* Base */ = {isa = PBXFileReference; lastKnownFileType = file.xib; name = Base; path = Base.lproj/LaunchScreen.xib; sourceTree = "<group>"; };
		5EBFD37B1B4550180023C881 /* CroudiaCoolClientTests.xctest */ = {isa = PBXFileReference; explicitFileType = wrapper.cfbundle; includeInIndex = 0; path = CroudiaCoolClientTests.xctest; sourceTree = BUILT_PRODUCTS_DIR; };
		5EBFD3801B4550180023C881 /* Info.plist */ = {isa = PBXFileReference; lastKnownFileType = text.plist.xml; path = Info.plist; sourceTree = "<group>"; };
		5EBFD3811B4550180023C881 /* CroudiaCoolClientTests.m */ = {isa = PBXFileReference; lastKnownFileType = sourcecode.c.objc; path = CroudiaCoolClientTests.m; sourceTree = "<group>"; };
		5EBFD38D1B4551200023C881 /* User.h */ = {isa = PBXFileReference; fileEncoding = 4; lastKnownFileType = sourcecode.c.h; name = User.h; path = ../../CroudiaCool/CroudiaCool/User.h; sourceTree = "<group>"; };
		5EBFD38E1B4551200023C881 /* User.m */ = {isa = PBXFileReference; fileEncoding = 4; lastKnownFileType = sourcecode.c.objc; name = User.m; path = ../../CroudiaCool/CroudiaCool/User.m; sourceTree = "<group>"; };
		5EBFD3901B45512D0023C881 /* Communicator.h */ = {isa = PBXFileReference; fileEncoding = 4; lastKnownFileType = sourcecode.c.h; path = Communicator.h; sourceTree = "<group>"; };
		5EBFD3911B45512D0023C881 /* Communicator.m */ = {isa = PBXFileReference; fileEncoding = 4; lastKnownFileType = sourcecode.c.objc; path = Communicator.m; sourceTree = "<group>"; };
		5EBFD3931B4551360023C881 /* Config.h */ = {isa = PBXFileReference; lastKnownFileType = sourcecode.c.h; path = Config.h; sourceTree = "<group>"; };
		5EBFD3941B45519B0023C881 /* libPods-AFNetworking.a */ = {isa = PBXFileReference; lastKnownFileType = archive.ar; name = "libPods-AFNetworking.a"; path = "Pods/../build/Debug-iphoneos/libPods-AFNetworking.a"; sourceTree = "<group>"; };
		9AD6F276775615DC4873144E /* Pods.release.xcconfig */ = {isa = PBXFileReference; includeInIndex = 1; lastKnownFileType = text.xcconfig; name = Pods.release.xcconfig; path = "Pods/Target Support Files/Pods/Pods.release.xcconfig"; sourceTree = "<group>"; };
		F62834E5F5A8C4085F723C01 /* libPods.a */ = {isa = PBXFileReference; explicitFileType = archive.ar; includeInIndex = 0; path = libPods.a; sourceTree = BUILT_PRODUCTS_DIR; };
/* End PBXFileReference section */

/* Begin PBXFrameworksBuildPhase section */
		5EBFD35F1B4550180023C881 /* Frameworks */ = {
			isa = PBXFrameworksBuildPhase;
			buildActionMask = 2147483647;
			files = (
			);
			runOnlyForDeploymentPostprocessing = 0;
		};
		5EBFD3781B4550180023C881 /* Frameworks */ = {
			isa = PBXFrameworksBuildPhase;
			buildActionMask = 2147483647;
			files = (
			);
			runOnlyForDeploymentPostprocessing = 0;
		};
/* End PBXFrameworksBuildPhase section */

/* Begin PBXGroup section */
		5EBFD3591B4550180023C881 = {
			isa = PBXGroup;
			children = (
				5EBFD3641B4550180023C881 /* CroudiaCoolClient */,
				5EBFD37E1B4550180023C881 /* CroudiaCoolClientTests */,
				5EBFD3631B4550180023C881 /* Products */,
				9B650F701BE0C09D6BD670BF /* Pods */,
				734F4AB8EBC820DA0991957E /* Frameworks */,
			);
			sourceTree = "<group>";
		};
		5EBFD3631B4550180023C881 /* Products */ = {
			isa = PBXGroup;
			children = (
				5EBFD3621B4550180023C881 /* CroudiaCoolClient.app */,
				5EBFD37B1B4550180023C881 /* CroudiaCoolClientTests.xctest */,
			);
			name = Products;
			sourceTree = "<group>";
		};
		5EBFD3641B4550180023C881 /* CroudiaCoolClient */ = {
			isa = PBXGroup;
			children = (
				5EBFD3931B4551360023C881 /* Config.h */,
				5EBFD38C1B4550F50023C881 /* Classes */,
				5EBFD38B1B4550EC0023C881 /* Models */,
				5EBFD3691B4550180023C881 /* AppDelegate.h */,
				5EBFD36A1B4550180023C881 /* AppDelegate.m */,
				5EBFD36C1B4550180023C881 /* ViewController.h */,
				5EBFD36D1B4550180023C881 /* ViewController.m */,
				5EBFD36F1B4550180023C881 /* Main.storyboard */,
				5EBFD3721B4550180023C881 /* Images.xcassets */,
				5EBFD3741B4550180023C881 /* LaunchScreen.xib */,
				5EBFD3651B4550180023C881 /* Supporting Files */,
			);
			path = CroudiaCoolClient;
			sourceTree = "<group>";
		};
		5EBFD3651B4550180023C881 /* Supporting Files */ = {
			isa = PBXGroup;
			children = (
				5EBFD3661B4550180023C881 /* Info.plist */,
				5EBFD3671B4550180023C881 /* main.m */,
			);
			name = "Supporting Files";
			sourceTree = "<group>";
		};
		5EBFD37E1B4550180023C881 /* CroudiaCoolClientTests */ = {
			isa = PBXGroup;
			children = (
				5EBFD3811B4550180023C881 /* CroudiaCoolClientTests.m */,
				5EBFD37F1B4550180023C881 /* Supporting Files */,
			);
			path = CroudiaCoolClientTests;
			sourceTree = "<group>";
		};
		5EBFD37F1B4550180023C881 /* Supporting Files */ = {
			isa = PBXGroup;
			children = (
				5EBFD3801B4550180023C881 /* Info.plist */,
			);
			name = "Supporting Files";
			sourceTree = "<group>";
		};
		5EBFD38B1B4550EC0023C881 /* Models */ = {
			isa = PBXGroup;
			children = (
				5EBFD38D1B4551200023C881 /* User.h */,
				5EBFD38E1B4551200023C881 /* User.m */,
			);
			name = Models;
			sourceTree = "<group>";
		};
		5EBFD38C1B4550F50023C881 /* Classes */ = {
			isa = PBXGroup;
			children = (
				5EBFD3901B45512D0023C881 /* Communicator.h */,
				5EBFD3911B45512D0023C881 /* Communicator.m */,
			);
			name = Classes;
			sourceTree = "<group>";
		};
		734F4AB8EBC820DA0991957E /* Frameworks */ = {
			isa = PBXGroup;
			children = (
				5EBFD3941B45519B0023C881 /* libPods-AFNetworking.a */,
				F62834E5F5A8C4085F723C01 /* libPods.a */,
			);
			name = Frameworks;
			sourceTree = "<group>";
		};
		9B650F701BE0C09D6BD670BF /* Pods */ = {
			isa = PBXGroup;
			children = (
				30562C081B1391D0B6E50F1F /* Pods.debug.xcconfig */,
				9AD6F276775615DC4873144E /* Pods.release.xcconfig */,
			);
			name = Pods;
			sourceTree = "<group>";
		};
/* End PBXGroup section */

/* Begin PBXNativeTarget section */
		5EBFD3611B4550180023C881 /* CroudiaCoolClient */ = {
			isa = PBXNativeTarget;
			buildConfigurationList = 5EBFD3851B4550180023C881 /* Build configuration list for PBXNativeTarget "CroudiaCoolClient" */;
			buildPhases = (
				0C08EC256D4F0DEB74F87696 /* Check Pods Manifest.lock */,
				5EBFD35E1B4550180023C881 /* Sources */,
				5EBFD35F1B4550180023C881 /* Frameworks */,
				5EBFD3601B4550180023C881 /* Resources */,
				20BA9326895340B22E0845EE /* Copy Pods Resources */,
			);
			buildRules = (
			);
			dependencies = (
			);
			name = CroudiaCoolClient;
			productName = CroudiaCoolClient;
			productReference = 5EBFD3621B4550180023C881 /* CroudiaCoolClient.app */;
			productType = "com.apple.product-type.application";
		};
		5EBFD37A1B4550180023C881 /* CroudiaCoolClientTests */ = {
			isa = PBXNativeTarget;
			buildConfigurationList = 5EBFD3881B4550180023C881 /* Build configuration list for PBXNativeTarget "CroudiaCoolClientTests" */;
			buildPhases = (
				5EBFD3771B4550180023C881 /* Sources */,
				5EBFD3781B4550180023C881 /* Frameworks */,
				5EBFD3791B4550180023C881 /* Resources */,
			);
			buildRules = (
			);
			dependencies = (
				5EBFD37D1B4550180023C881 /* PBXTargetDependency */,
			);
			name = CroudiaCoolClientTests;
			productName = CroudiaCoolClientTests;
			productReference = 5EBFD37B1B4550180023C881 /* CroudiaCoolClientTests.xctest */;
			productType = "com.apple.product-type.bundle.unit-test";
		};
/* End PBXNativeTarget section */

/* Begin PBXProject section */
		5EBFD35A1B4550180023C881 /* Project object */ = {
			isa = PBXProject;
			attributes = {
				LastUpgradeCheck = 0630;
				ORGANIZATIONNAME = "___AA___";
				TargetAttributes = {
					5EBFD3611B4550180023C881 = {
						CreatedOnToolsVersion = 6.3.2;
					};
					5EBFD37A1B4550180023C881 = {
						CreatedOnToolsVersion = 6.3.2;
						TestTargetID = 5EBFD3611B4550180023C881;
					};
				};
			};
			buildConfigurationList = 5EBFD35D1B4550180023C881 /* Build configuration list for PBXProject "CroudiaCoolClient" */;
			compatibilityVersion = "Xcode 3.2";
			developmentRegion = English;
			hasScannedForEncodings = 0;
			knownRegions = (
				en,
				Base,
			);
			mainGroup = 5EBFD3591B4550180023C881;
			productRefGroup = 5EBFD3631B4550180023C881 /* Products */;
			projectDirPath = "";
			projectRoot = "";
			targets = (
				5EBFD3611B4550180023C881 /* CroudiaCoolClient */,
				5EBFD37A1B4550180023C881 /* CroudiaCoolClientTests */,
			);
		};
/* End PBXProject section */

/* Begin PBXResourcesBuildPhase section */
		5EBFD3601B4550180023C881 /* Resources */ = {
			isa = PBXResourcesBuildPhase;
			buildActionMask = 2147483647;
			files = (
				5EBFD3711B4550180023C881 /* Main.storyboard in Resources */,
				5EBFD3761B4550180023C881 /* LaunchScreen.xib in Resources */,
				5EBFD3731B4550180023C881 /* Images.xcassets in Resources */,
			);
			runOnlyForDeploymentPostprocessing = 0;
		};
		5EBFD3791B4550180023C881 /* Resources */ = {
			isa = PBXResourcesBuildPhase;
			buildActionMask = 2147483647;
			files = (
			);
			runOnlyForDeploymentPostprocessing = 0;
		};
/* End PBXResourcesBuildPhase section */

/* Begin PBXShellScriptBuildPhase section */
		0C08EC256D4F0DEB74F87696 /* Check Pods Manifest.lock */ = {
			isa = PBXShellScriptBuildPhase;
			buildActionMask = 2147483647;
			files = (
			);
			inputPaths = (
			);
			name = "Check Pods Manifest.lock";
			outputPaths = (
			);
			runOnlyForDeploymentPostprocessing = 0;
			shellPath = /bin/sh;
			shellScript = "diff \"${PODS_ROOT}/../Podfile.lock\" \"${PODS_ROOT}/Manifest.lock\" > /dev/null\nif [[ $? != 0 ]] ; then\n    cat << EOM\nerror: The sandbox is not in sync with the Podfile.lock. Run 'pod install' or update your CocoaPods installation.\nEOM\n    exit 1\nfi\n";
			showEnvVarsInLog = 0;
		};
		20BA9326895340B22E0845EE /* Copy Pods Resources */ = {
			isa = PBXShellScriptBuildPhase;
			buildActionMask = 2147483647;
			files = (
			);
			inputPaths = (
			);
			name = "Copy Pods Resources";
			outputPaths = (
			);
			runOnlyForDeploymentPostprocessing = 0;
			shellPath = /bin/sh;
			shellScript = "\"${SRCROOT}/Pods/Target Support Files/Pods/Pods-resources.sh\"\n";
			showEnvVarsInLog = 0;
		};
/* End PBXShellScriptBuildPhase section */

/* Begin PBXSourcesBuildPhase section */
		5EBFD35E1B4550180023C881 /* Sources */ = {
			isa = PBXSourcesBuildPhase;
			buildActionMask = 2147483647;
			files = (
				5EBFD38F1B4551200023C881 /* User.m in Sources */,
				5EBFD36E1B4550180023C881 /* ViewController.m in Sources */,
				5EBFD36B1B4550180023C881 /* AppDelegate.m in Sources */,
				5EBFD3681B4550180023C881 /* main.m in Sources */,
				5EBFD3921B45512D0023C881 /* Communicator.m in Sources */,
			);
			runOnlyForDeploymentPostprocessing = 0;
		};
		5EBFD3771B4550180023C881 /* Sources */ = {
			isa = PBXSourcesBuildPhase;
			buildActionMask = 2147483647;
			files = (
				5EBFD3821B4550180023C881 /* CroudiaCoolClientTests.m in Sources */,
			);
			runOnlyForDeploymentPostprocessing = 0;
		};
/* End PBXSourcesBuildPhase section */

/* Begin PBXTargetDependency section */
		5EBFD37D1B4550180023C881 /* PBXTargetDependency */ = {
			isa = PBXTargetDependency;
			target = 5EBFD3611B4550180023C881 /* CroudiaCoolClient */;
			targetProxy = 5EBFD37C1B4550180023C881 /* PBXContainerItemProxy */;
		};
/* End PBXTargetDependency section */

/* Begin PBXVariantGroup section */
		5EBFD36F1B4550180023C881 /* Main.storyboard */ = {
			isa = PBXVariantGroup;
			children = (
				5EBFD3701B4550180023C881 /* Base */,
			);
			name = Main.storyboard;
			sourceTree = "<group>";
		};
		5EBFD3741B4550180023C881 /* LaunchScreen.xib */ = {
			isa = PBXVariantGroup;
			children = (
				5EBFD3751B4550180023C881 /* Base */,
			);
			name = LaunchScreen.xib;
			sourceTree = "<group>";
		};
/* End PBXVariantGroup section */

/* Begin XCBuildConfiguration section */
		5EBFD3831B4550180023C881 /* Debug */ = {
			isa = XCBuildConfiguration;
			buildSettings = {
				ALWAYS_SEARCH_USER_PATHS = NO;
				CLANG_CXX_LANGUAGE_STANDARD = "gnu++0x";
				CLANG_CXX_LIBRARY = "libc++";
				CLANG_ENABLE_MODULES = YES;
				CLANG_ENABLE_OBJC_ARC = YES;
				CLANG_WARN_BOOL_CONVERSION = YES;
				CLANG_WARN_CONSTANT_CONVERSION = YES;
				CLANG_WARN_DIRECT_OBJC_ISA_USAGE = YES_ERROR;
				CLANG_WARN_EMPTY_BODY = YES;
				CLANG_WARN_ENUM_CONVERSION = YES;
				CLANG_WARN_INT_CONVERSION = YES;
				CLANG_WARN_OBJC_ROOT_CLASS = YES_ERROR;
				CLANG_WARN_UNREACHABLE_CODE = YES;
				CLANG_WARN__DUPLICATE_METHOD_MATCH = YES;
				"CODE_SIGN_IDENTITY[sdk=iphoneos*]" = "iPhone Developer";
				COPY_PHASE_STRIP = NO;
				DEBUG_INFORMATION_FORMAT = "dwarf-with-dsym";
				ENABLE_STRICT_OBJC_MSGSEND = YES;
				GCC_C_LANGUAGE_STANDARD = gnu99;
				GCC_DYNAMIC_NO_PIC = NO;
				GCC_NO_COMMON_BLOCKS = YES;
				GCC_OPTIMIZATION_LEVEL = 0;
				GCC_PREPROCESSOR_DEFINITIONS = (
					"DEBUG=1",
					"$(inherited)",
				);
				GCC_SYMBOLS_PRIVATE_EXTERN = NO;
				GCC_WARN_64_TO_32_BIT_CONVERSION = YES;
				GCC_WARN_ABOUT_RETURN_TYPE = YES_ERROR;
				GCC_WARN_UNDECLARED_SELECTOR = YES;
				GCC_WARN_UNINITIALIZED_AUTOS = YES_AGGRESSIVE;
				GCC_WARN_UNUSED_FUNCTION = YES;
				GCC_WARN_UNUSED_VARIABLE = YES;
				IPHONEOS_DEPLOYMENT_TARGET = 8.3;
				MTL_ENABLE_DEBUG_INFO = YES;
				ONLY_ACTIVE_ARCH = YES;
				SDKROOT = iphoneos;
			};
			name = Debug;
		};
		5EBFD3841B4550180023C881 /* Release */ = {
			isa = XCBuildConfiguration;
			buildSettings = {
				ALWAYS_SEARCH_USER_PATHS = NO;
				CLANG_CXX_LANGUAGE_STANDARD = "gnu++0x";
				CLANG_CXX_LIBRARY = "libc++";
				CLANG_ENABLE_MODULES = YES;
				CLANG_ENABLE_OBJC_ARC = YES;
				CLANG_WARN_BOOL_CONVERSION = YES;
				CLANG_WARN_CONSTANT_CONVERSION = YES;
				CLANG_WARN_DIRECT_OBJC_ISA_USAGE = YES_ERROR;
				CLANG_WARN_EMPTY_BODY = YES;
				CLANG_WARN_ENUM_CONVERSION = YES;
				CLANG_WARN_INT_CONVERSION = YES;
				CLANG_WARN_OBJC_ROOT_CLASS = YES_ERROR;
				CLANG_WARN_UNREACHABLE_CODE = YES;
				CLANG_WARN__DUPLICATE_METHOD_MATCH = YES;
				"CODE_SIGN_IDENTITY[sdk=iphoneos*]" = "iPhone Developer";
				COPY_PHASE_STRIP = NO;
				DEBUG_INFORMATION_FORMAT = "dwarf-with-dsym";
				ENABLE_NS_ASSERTIONS = NO;
				ENABLE_STRICT_OBJC_MSGSEND = YES;
				GCC_C_LANGUAGE_STANDARD = gnu99;
				GCC_NO_COMMON_BLOCKS = YES;
				GCC_WARN_64_TO_32_BIT_CONVERSION = YES;
				GCC_WARN_ABOUT_RETURN_TYPE = YES_ERROR;
				GCC_WARN_UNDECLARED_SELECTOR = YES;
				GCC_WARN_UNINITIALIZED_AUTOS = YES_AGGRESSIVE;
				GCC_WARN_UNUSED_FUNCTION = YES;
				GCC_WARN_UNUSED_VARIABLE = YES;
				IPHONEOS_DEPLOYMENT_TARGET = 8.3;
				MTL_ENABLE_DEBUG_INFO = NO;
				SDKROOT = iphoneos;
				VALIDATE_PRODUCT = YES;
			};
			name = Release;
		};
		5EBFD3861B4550180023C881 /* Debug */ = {
			isa = XCBuildConfiguration;
			baseConfigurationReference = 30562C081B1391D0B6E50F1F /* Pods.debug.xcconfig */;
			buildSettings = {
				ASSETCATALOG_COMPILER_APPICON_NAME = AppIcon;
				INFOPLIST_FILE = CroudiaCoolClient/Info.plist;
				LD_RUNPATH_SEARCH_PATHS = "$(inherited) @executable_path/Frameworks";
				LIBRARY_SEARCH_PATHS = (
					"$(inherited)",
					"$(PROJECT_DIR)/build/Debug-iphoneos",
				);
				PRODUCT_NAME = "$(TARGET_NAME)";
			};
			name = Debug;
		};
		5EBFD3871B4550180023C881 /* Release */ = {
			isa = XCBuildConfiguration;
			baseConfigurationReference = 9AD6F276775615DC4873144E /* Pods.release.xcconfig */;
			buildSettings = {
				ASSETCATALOG_COMPILER_APPICON_NAME = AppIcon;
				INFOPLIST_FILE = CroudiaCoolClient/Info.plist;
				LD_RUNPATH_SEARCH_PATHS = "$(inherited) @executable_path/Frameworks";
				LIBRARY_SEARCH_PATHS = (
					"$(inherited)",
					"$(PROJECT_DIR)/build/Debug-iphoneos",
				);
				PRODUCT_NAME = "$(TARGET_NAME)";
			};
			name = Release;
		};
		5EBFD3891B4550180023C881 /* Debug */ = {
			isa = XCBuildConfiguration;
			buildSettings = {
				BUNDLE_LOADER = "$(TEST_HOST)";
				FRAMEWORK_SEARCH_PATHS = (
					"$(SDKROOT)/Developer/Library/Frameworks",
					"$(inherited)",
				);
				GCC_PREPROCESSOR_DEFINITIONS = (
					"DEBUG=1",
					"$(inherited)",
				);
				INFOPLIST_FILE = CroudiaCoolClientTests/Info.plist;
				LD_RUNPATH_SEARCH_PATHS = "$(inherited) @executable_path/Frameworks @loader_path/Frameworks";
				PRODUCT_NAME = "$(TARGET_NAME)";
				TEST_HOST = "$(BUILT_PRODUCTS_DIR)/CroudiaCoolClient.app/CroudiaCoolClient";
			};
			name = Debug;
		};
		5EBFD38A1B4550180023C881 /* Release */ = {
			isa = XCBuildConfiguration;
			buildSettings = {
				BUNDLE_LOADER = "$(TEST_HOST)";
				FRAMEWORK_SEARCH_PATHS = (
					"$(SDKROOT)/Developer/Library/Frameworks",
					"$(inherited)",
				);
				INFOPLIST_FILE = CroudiaCoolClientTests/Info.plist;
				LD_RUNPATH_SEARCH_PATHS = "$(inherited) @executable_path/Frameworks @loader_path/Frameworks";
				PRODUCT_NAME = "$(TARGET_NAME)";
				TEST_HOST = "$(BUILT_PRODUCTS_DIR)/CroudiaCoolClient.app/CroudiaCoolClient";
			};
			name = Release;
		};
/* End XCBuildConfiguration section */

/* Begin XCConfigurationList section */
		5EBFD35D1B4550180023C881 /* Build configuration list for PBXProject "CroudiaCoolClient" */ = {
			isa = XCConfigurationList;
			buildConfigurations = (
				5EBFD3831B4550180023C881 /* Debug */,
				5EBFD3841B4550180023C881 /* Release */,
			);
			defaultConfigurationIsVisible = 0;
			defaultConfigurationName = Release;
		};
		5EBFD3851B4550180023C881 /* Build configuration list for PBXNativeTarget "CroudiaCoolClient" */ = {
			isa = XCConfigurationList;
			buildConfigurations = (
				5EBFD3861B4550180023C881 /* Debug */,
				5EBFD3871B4550180023C881 /* Release */,
			);
			defaultConfigurationIsVisible = 0;
			defaultConfigurationName = Release;
		};
		5EBFD3881B4550180023C881 /* Build configuration list for PBXNativeTarget "CroudiaCoolClientTests" */ = {
			isa = XCConfigurationList;
			buildConfigurations = (
				5EBFD3891B4550180023C881 /* Debug */,
				5EBFD38A1B4550180023C881 /* Release */,
			);
			defaultConfigurationIsVisible = 0;
			defaultConfigurationName = Release;
		};
/* End XCConfigurationList section */
	};
	rootObject = 5EBFD35A1B4550180023C881 /* Project object */;
}
