// !$*UTF8*$!
{
	archiveVersion = 1;
	classes = {
	};
	objectVersion = 46;
	objects = {

/* Begin PBXBuildFile section */
		1360406EA303E93337D5C206 /* libPods.a in Frameworks */ = {isa = PBXBuildFile; fileRef = F62834E5F5A8C4085F723C01 /* libPods.a */; };
		5E0D2C0D1BE60D3700E7DF28 /* CroudiaHTTPClient.m in Sources */ = {isa = PBXBuildFile; fileRef = 5E0D2C0C1BE60D3700E7DF28 /* CroudiaHTTPClient.m */; };
		5E0D2C111BFA22AC00E7DF28 /* Account.m in Sources */ = {isa = PBXBuildFile; fileRef = 5E0D2C101BFA22AC00E7DF28 /* Account.m */; };
		5E0D2C141C02BB7E00E7DF28 /* profile-cover-default.jpeg in Resources */ = {isa = PBXBuildFile; fileRef = 5E0D2C131C02BB7E00E7DF28 /* profile-cover-default.jpeg */; };
		5E0D2C1A1C04B3E100E7DF28 /* ChangeProfileViewController.m in Sources */ = {isa = PBXBuildFile; fileRef = 5E0D2C191C04B3E100E7DF28 /* ChangeProfileViewController.m */; };
		5E0E87AE1C09DD54001A3A94 /* BaseViewController.m in Sources */ = {isa = PBXBuildFile; fileRef = 5E0E87AD1C09DD54001A3A94 /* BaseViewController.m */; };
		5E0E87B61C142365001A3A94 /* CommentBox.xib in Resources */ = {isa = PBXBuildFile; fileRef = 5E0E87B51C142365001A3A94 /* CommentBox.xib */; };
		5E0E87B91C1424A4001A3A94 /* CommentBox.m in Sources */ = {isa = PBXBuildFile; fileRef = 5E0E87B81C1424A4001A3A94 /* CommentBox.m */; };
		5E0E87BB1C1425F5001A3A94 /* Get Image-32.png in Resources */ = {isa = PBXBuildFile; fileRef = 5E0E87BA1C1425F5001A3A94 /* Get Image-32.png */; };
		5E4D4E821C09B1A000936FB5 /* Edit Image-26.png in Resources */ = {isa = PBXBuildFile; fileRef = 5E4D4E7F1C09B1A000936FB5 /* Edit Image-26.png */; };
		5E4D4E831C09B1A000936FB5 /* Edit Image-32.png in Resources */ = {isa = PBXBuildFile; fileRef = 5E4D4E801C09B1A000936FB5 /* Edit Image-32.png */; };
		5E4D4E841C09B1A000936FB5 /* Remove Image-32.png in Resources */ = {isa = PBXBuildFile; fileRef = 5E4D4E811C09B1A000936FB5 /* Remove Image-32.png */; };
		5E5E21D41BCFEA0800E74396 /* SWRevealViewController.m in Sources */ = {isa = PBXBuildFile; fileRef = 5E5E21D31BCFEA0800E74396 /* SWRevealViewController.m */; };
		5E5E21D61BD6839900E74396 /* Login.storyboard in Resources */ = {isa = PBXBuildFile; fileRef = 5E5E21D51BD6839900E74396 /* Login.storyboard */; };
		5E5E21D91BDB78B000E74396 /* LeftMenuViewController.m in Sources */ = {isa = PBXBuildFile; fileRef = 5E5E21D81BDB78B000E74396 /* LeftMenuViewController.m */; };
		5E5E21DC1BDBDE5F00E74396 /* menu.png in Resources */ = {isa = PBXBuildFile; fileRef = 5E5E21DA1BDBDE5F00E74396 /* menu.png */; };
		5E5E21DD1BDBDE5F00E74396 /* menu@2x.png in Resources */ = {isa = PBXBuildFile; fileRef = 5E5E21DB1BDBDE5F00E74396 /* menu@2x.png */; };
		5E5E21DF1BDC7A1A00E74396 /* Star-24.png in Resources */ = {isa = PBXBuildFile; fileRef = 5E5E21DE1BDC7A1A00E74396 /* Star-24.png */; };
		5E5E21E11BDC7A9000E74396 /* Star-32.png in Resources */ = {isa = PBXBuildFile; fileRef = 5E5E21E01BDC7A9000E74396 /* Star-32.png */; };
		5E5E21E41BDC7B1300E74396 /* Home-26.png in Resources */ = {isa = PBXBuildFile; fileRef = 5E5E21E21BDC7B1300E74396 /* Home-26.png */; };
		5E5E21E51BDC7B1300E74396 /* Home-32.png in Resources */ = {isa = PBXBuildFile; fileRef = 5E5E21E31BDC7B1300E74396 /* Home-32.png */; };
		5E5E21E81BDC7C3E00E74396 /* HomeTimelineViewController.m in Sources */ = {isa = PBXBuildFile; fileRef = 5E5E21E71BDC7C3E00E74396 /* HomeTimelineViewController.m */; };
		5EBFD3681B4550180023C881 /* main.m in Sources */ = {isa = PBXBuildFile; fileRef = 5EBFD3671B4550180023C881 /* main.m */; };
		5EBFD36B1B4550180023C881 /* AppDelegate.m in Sources */ = {isa = PBXBuildFile; fileRef = 5EBFD36A1B4550180023C881 /* AppDelegate.m */; };
		5EBFD36E1B4550180023C881 /* ViewController.m in Sources */ = {isa = PBXBuildFile; fileRef = 5EBFD36D1B4550180023C881 /* ViewController.m */; };
		5EBFD3731B4550180023C881 /* Images.xcassets in Resources */ = {isa = PBXBuildFile; fileRef = 5EBFD3721B4550180023C881 /* Images.xcassets */; };
		5EBFD3761B4550180023C881 /* LaunchScreen.xib in Resources */ = {isa = PBXBuildFile; fileRef = 5EBFD3741B4550180023C881 /* LaunchScreen.xib */; };
		5EE523E91B51F8680094592D /* User.m in Sources */ = {isa = PBXBuildFile; fileRef = 5EE523E81B51F8680094592D /* User.m */; };
		5EE523F91B52087C0094592D /* LoginViewController.m in Sources */ = {isa = PBXBuildFile; fileRef = 5EE523F81B52087C0094592D /* LoginViewController.m */; };
		5EE524011B520E450094592D /* Global.m in Sources */ = {isa = PBXBuildFile; fileRef = 5EE524001B520E450094592D /* Global.m */; };
		5EE524071B527A7B0094592D /* MainTabBarViewController.m in Sources */ = {isa = PBXBuildFile; fileRef = 5EE524061B527A7B0094592D /* MainTabBarViewController.m */; };
		5EE5240B1B527D1F0094592D /* Home.png in Resources */ = {isa = PBXBuildFile; fileRef = 5EE5240A1B527D1F0094592D /* Home.png */; };
		5EE5240D1B527EC40094592D /* Favorite.png in Resources */ = {isa = PBXBuildFile; fileRef = 5EE5240C1B527EC40094592D /* Favorite.png */; };
		5EE524181B5A8F380094592D /* Post.m in Sources */ = {isa = PBXBuildFile; fileRef = 5EE524171B5A8F380094592D /* Post.m */; };
		5EE5241B1B5AB98F0094592D /* PostCell.xib in Resources */ = {isa = PBXBuildFile; fileRef = 5EE5241A1B5AB98F0094592D /* PostCell.xib */; };
		5EE5241E1B5ABB440094592D /* PostCell.m in Sources */ = {isa = PBXBuildFile; fileRef = 5EE5241D1B5ABB440094592D /* PostCell.m */; };
		5EE524211B5B6FE10094592D /* PostDetailViewController.m in Sources */ = {isa = PBXBuildFile; fileRef = 5EE524201B5B6FE10094592D /* PostDetailViewController.m */; };
		5EE524231B5B75E20094592D /* Main.storyboard in Resources */ = {isa = PBXBuildFile; fileRef = 5EE524221B5B75E20094592D /* Main.storyboard */; };
		5EE524261B5B8FF10094592D /* PublicTimelineViewController.m in Sources */ = {isa = PBXBuildFile; fileRef = 5EE524251B5B8FF10094592D /* PublicTimelineViewController.m */; };
		5EE524281B5BD21C0094592D /* newsfeed.png in Resources */ = {isa = PBXBuildFile; fileRef = 5EE524271B5BD21C0094592D /* newsfeed.png */; };
		5EE5242B1B5BD79A0094592D /* MyTableViewController.m in Sources */ = {isa = PBXBuildFile; fileRef = 5EE5242A1B5BD79A0094592D /* MyTableViewController.m */; };
		5EE7E1371B974D2100CCC567 /* delete-32.png in Resources */ = {isa = PBXBuildFile; fileRef = 5EE7E1361B974D2100CCC567 /* delete-32.png */; };
		5EE7E13B1B9C534300CCC567 /* Reachability.m in Sources */ = {isa = PBXBuildFile; fileRef = 5EE7E13A1B9C534300CCC567 /* Reachability.m */; };
		5EFB1CED1B64CEFC00E2232C /* CustomButton.m in Sources */ = {isa = PBXBuildFile; fileRef = 5EFB1CEC1B64CEFC00E2232C /* CustomButton.m */; };
		5EFB1D011B6E02C900E2232C /* Helper.m in Sources */ = {isa = PBXBuildFile; fileRef = 5EFB1D001B6E02C900E2232C /* Helper.m */; };
		5EFB1D0C1B6E27AB00E2232C /* UserInfoViewController.m in Sources */ = {isa = PBXBuildFile; fileRef = 5EFB1D0B1B6E27AB00E2232C /* UserInfoViewController.m */; };
		5EFB1D121B7F874E00E2232C /* PostStatusViewController.m in Sources */ = {isa = PBXBuildFile; fileRef = 5EFB1D111B7F874E00E2232C /* PostStatusViewController.m */; };
/* End PBXBuildFile section */

/* Begin PBXFileReference section */
		30562C081B1391D0B6E50F1F /* Pods.debug.xcconfig */ = {isa = PBXFileReference; includeInIndex = 1; lastKnownFileType = text.xcconfig; name = Pods.debug.xcconfig; path = "Pods/Target Support Files/Pods/Pods.debug.xcconfig"; sourceTree = "<group>"; };
		5E0D2C0B1BE60D3700E7DF28 /* CroudiaHTTPClient.h */ = {isa = PBXFileReference; fileEncoding = 4; lastKnownFileType = sourcecode.c.h; path = CroudiaHTTPClient.h; sourceTree = "<group>"; };
		5E0D2C0C1BE60D3700E7DF28 /* CroudiaHTTPClient.m */ = {isa = PBXFileReference; fileEncoding = 4; lastKnownFileType = sourcecode.c.objc; path = CroudiaHTTPClient.m; sourceTree = "<group>"; };
		5E0D2C0F1BFA22AC00E7DF28 /* Account.h */ = {isa = PBXFileReference; fileEncoding = 4; lastKnownFileType = sourcecode.c.h; path = Account.h; sourceTree = "<group>"; };
		5E0D2C101BFA22AC00E7DF28 /* Account.m */ = {isa = PBXFileReference; fileEncoding = 4; lastKnownFileType = sourcecode.c.objc; path = Account.m; sourceTree = "<group>"; };
		5E0D2C131C02BB7E00E7DF28 /* profile-cover-default.jpeg */ = {isa = PBXFileReference; lastKnownFileType = image.jpeg; path = "profile-cover-default.jpeg"; sourceTree = "<group>"; };
		5E0D2C181C04B3E100E7DF28 /* ChangeProfileViewController.h */ = {isa = PBXFileReference; fileEncoding = 4; lastKnownFileType = sourcecode.c.h; path = ChangeProfileViewController.h; sourceTree = "<group>"; };
		5E0D2C191C04B3E100E7DF28 /* ChangeProfileViewController.m */ = {isa = PBXFileReference; fileEncoding = 4; lastKnownFileType = sourcecode.c.objc; path = ChangeProfileViewController.m; sourceTree = "<group>"; };
		5E0E87AC1C09DD54001A3A94 /* BaseViewController.h */ = {isa = PBXFileReference; fileEncoding = 4; lastKnownFileType = sourcecode.c.h; path = BaseViewController.h; sourceTree = "<group>"; };
		5E0E87AD1C09DD54001A3A94 /* BaseViewController.m */ = {isa = PBXFileReference; fileEncoding = 4; lastKnownFileType = sourcecode.c.objc; path = BaseViewController.m; sourceTree = "<group>"; };
		5E0E87B51C142365001A3A94 /* CommentBox.xib */ = {isa = PBXFileReference; fileEncoding = 4; lastKnownFileType = file.xib; path = CommentBox.xib; sourceTree = "<group>"; };
		5E0E87B71C1424A4001A3A94 /* CommentBox.h */ = {isa = PBXFileReference; fileEncoding = 4; lastKnownFileType = sourcecode.c.h; path = CommentBox.h; sourceTree = "<group>"; };
		5E0E87B81C1424A4001A3A94 /* CommentBox.m */ = {isa = PBXFileReference; fileEncoding = 4; lastKnownFileType = sourcecode.c.objc; path = CommentBox.m; sourceTree = "<group>"; };
		5E0E87BA1C1425F5001A3A94 /* Get Image-32.png */ = {isa = PBXFileReference; lastKnownFileType = image.png; path = "Get Image-32.png"; sourceTree = "<group>"; };
		5E4D4E7F1C09B1A000936FB5 /* Edit Image-26.png */ = {isa = PBXFileReference; lastKnownFileType = image.png; path = "Edit Image-26.png"; sourceTree = "<group>"; };
		5E4D4E801C09B1A000936FB5 /* Edit Image-32.png */ = {isa = PBXFileReference; lastKnownFileType = image.png; path = "Edit Image-32.png"; sourceTree = "<group>"; };
		5E4D4E811C09B1A000936FB5 /* Remove Image-32.png */ = {isa = PBXFileReference; lastKnownFileType = image.png; path = "Remove Image-32.png"; sourceTree = "<group>"; };
		5E5E21D21BCFEA0800E74396 /* SWRevealViewController.h */ = {isa = PBXFileReference; fileEncoding = 4; lastKnownFileType = sourcecode.c.h; path = SWRevealViewController.h; sourceTree = "<group>"; };
		5E5E21D31BCFEA0800E74396 /* SWRevealViewController.m */ = {isa = PBXFileReference; fileEncoding = 4; lastKnownFileType = sourcecode.c.objc; path = SWRevealViewController.m; sourceTree = "<group>"; };
		5E5E21D51BD6839900E74396 /* Login.storyboard */ = {isa = PBXFileReference; fileEncoding = 4; lastKnownFileType = file.storyboard; path = Login.storyboard; sourceTree = "<group>"; };
		5E5E21D71BDB78B000E74396 /* LeftMenuViewController.h */ = {isa = PBXFileReference; fileEncoding = 4; lastKnownFileType = sourcecode.c.h; path = LeftMenuViewController.h; sourceTree = "<group>"; };
		5E5E21D81BDB78B000E74396 /* LeftMenuViewController.m */ = {isa = PBXFileReference; fileEncoding = 4; lastKnownFileType = sourcecode.c.objc; path = LeftMenuViewController.m; sourceTree = "<group>"; };
		5E5E21DA1BDBDE5F00E74396 /* menu.png */ = {isa = PBXFileReference; lastKnownFileType = image.png; path = menu.png; sourceTree = "<group>"; };
		5E5E21DB1BDBDE5F00E74396 /* menu@2x.png */ = {isa = PBXFileReference; lastKnownFileType = image.png; path = "menu@2x.png"; sourceTree = "<group>"; };
		5E5E21DE1BDC7A1A00E74396 /* Star-24.png */ = {isa = PBXFileReference; lastKnownFileType = image.png; path = "Star-24.png"; sourceTree = "<group>"; };
		5E5E21E01BDC7A9000E74396 /* Star-32.png */ = {isa = PBXFileReference; lastKnownFileType = image.png; path = "Star-32.png"; sourceTree = "<group>"; };
		5E5E21E21BDC7B1300E74396 /* Home-26.png */ = {isa = PBXFileReference; lastKnownFileType = image.png; path = "Home-26.png"; sourceTree = "<group>"; };
		5E5E21E31BDC7B1300E74396 /* Home-32.png */ = {isa = PBXFileReference; lastKnownFileType = image.png; path = "Home-32.png"; sourceTree = "<group>"; };
		5E5E21E61BDC7C3E00E74396 /* HomeTimelineViewController.h */ = {isa = PBXFileReference; fileEncoding = 4; lastKnownFileType = sourcecode.c.h; path = HomeTimelineViewController.h; sourceTree = "<group>"; };
		5E5E21E71BDC7C3E00E74396 /* HomeTimelineViewController.m */ = {isa = PBXFileReference; fileEncoding = 4; lastKnownFileType = sourcecode.c.objc; path = HomeTimelineViewController.m; sourceTree = "<group>"; };
		5EBFD3621B4550180023C881 /* CroudiaCoolClient.app */ = {isa = PBXFileReference; explicitFileType = wrapper.application; includeInIndex = 0; path = CroudiaCoolClient.app; sourceTree = BUILT_PRODUCTS_DIR; };
		5EBFD3661B4550180023C881 /* Info.plist */ = {isa = PBXFileReference; lastKnownFileType = text.plist.xml; path = Info.plist; sourceTree = "<group>"; };
		5EBFD3671B4550180023C881 /* main.m */ = {isa = PBXFileReference; lastKnownFileType = sourcecode.c.objc; path = main.m; sourceTree = "<group>"; };
		5EBFD3691B4550180023C881 /* AppDelegate.h */ = {isa = PBXFileReference; lastKnownFileType = sourcecode.c.h; path = AppDelegate.h; sourceTree = "<group>"; };
		5EBFD36A1B4550180023C881 /* AppDelegate.m */ = {isa = PBXFileReference; lastKnownFileType = sourcecode.c.objc; path = AppDelegate.m; sourceTree = "<group>"; };
		5EBFD36C1B4550180023C881 /* ViewController.h */ = {isa = PBXFileReference; lastKnownFileType = sourcecode.c.h; path = ViewController.h; sourceTree = "<group>"; };
		5EBFD36D1B4550180023C881 /* ViewController.m */ = {isa = PBXFileReference; lastKnownFileType = sourcecode.c.objc; path = ViewController.m; sourceTree = "<group>"; };
		5EBFD3721B4550180023C881 /* Images.xcassets */ = {isa = PBXFileReference; lastKnownFileType = folder.assetcatalog; path = Images.xcassets; sourceTree = "<group>"; };
		5EBFD3751B4550180023C881 /* Base */ = {isa = PBXFileReference; lastKnownFileType = file.xib; name = Base; path = Base.lproj/LaunchScreen.xib; sourceTree = "<group>"; };
		5EBFD3801B4550180023C881 /* Info.plist */ = {isa = PBXFileReference; lastKnownFileType = text.plist.xml; path = Info.plist; sourceTree = "<group>"; };
		5EBFD3811B4550180023C881 /* CroudiaCoolClientTests.m */ = {isa = PBXFileReference; lastKnownFileType = sourcecode.c.objc; path = CroudiaCoolClientTests.m; sourceTree = "<group>"; };
		5EBFD3941B45519B0023C881 /* libPods-AFNetworking.a */ = {isa = PBXFileReference; lastKnownFileType = archive.ar; name = "libPods-AFNetworking.a"; path = "Pods/../build/Debug-iphoneos/libPods-AFNetworking.a"; sourceTree = "<group>"; };
		5EE523E71B51F8680094592D /* User.h */ = {isa = PBXFileReference; fileEncoding = 4; lastKnownFileType = sourcecode.c.h; path = User.h; sourceTree = "<group>"; };
		5EE523E81B51F8680094592D /* User.m */ = {isa = PBXFileReference; fileEncoding = 4; lastKnownFileType = sourcecode.c.objc; path = User.m; sourceTree = "<group>"; };
		5EE523F71B52087C0094592D /* LoginViewController.h */ = {isa = PBXFileReference; fileEncoding = 4; lastKnownFileType = sourcecode.c.h; path = LoginViewController.h; sourceTree = "<group>"; };
		5EE523F81B52087C0094592D /* LoginViewController.m */ = {isa = PBXFileReference; fileEncoding = 4; lastKnownFileType = sourcecode.c.objc; path = LoginViewController.m; sourceTree = "<group>"; };
		5EE523FF1B520E450094592D /* Global.h */ = {isa = PBXFileReference; fileEncoding = 4; lastKnownFileType = sourcecode.c.h; path = Global.h; sourceTree = "<group>"; };
		5EE524001B520E450094592D /* Global.m */ = {isa = PBXFileReference; fileEncoding = 4; lastKnownFileType = sourcecode.c.objc; path = Global.m; sourceTree = "<group>"; };
		5EE524051B527A7B0094592D /* MainTabBarViewController.h */ = {isa = PBXFileReference; fileEncoding = 4; lastKnownFileType = sourcecode.c.h; path = MainTabBarViewController.h; sourceTree = "<group>"; };
		5EE524061B527A7B0094592D /* MainTabBarViewController.m */ = {isa = PBXFileReference; fileEncoding = 4; lastKnownFileType = sourcecode.c.objc; path = MainTabBarViewController.m; sourceTree = "<group>"; };
		5EE5240A1B527D1F0094592D /* Home.png */ = {isa = PBXFileReference; lastKnownFileType = image.png; path = Home.png; sourceTree = "<group>"; };
		5EE5240C1B527EC40094592D /* Favorite.png */ = {isa = PBXFileReference; lastKnownFileType = image.png; path = Favorite.png; sourceTree = "<group>"; };
		5EE524161B5A8F380094592D /* Post.h */ = {isa = PBXFileReference; fileEncoding = 4; lastKnownFileType = sourcecode.c.h; path = Post.h; sourceTree = "<group>"; };
		5EE524171B5A8F380094592D /* Post.m */ = {isa = PBXFileReference; fileEncoding = 4; lastKnownFileType = sourcecode.c.objc; path = Post.m; sourceTree = "<group>"; };
		5EE5241A1B5AB98F0094592D /* PostCell.xib */ = {isa = PBXFileReference; fileEncoding = 4; lastKnownFileType = file.xib; path = PostCell.xib; sourceTree = "<group>"; };
		5EE5241C1B5ABB440094592D /* PostCell.h */ = {isa = PBXFileReference; fileEncoding = 4; lastKnownFileType = sourcecode.c.h; path = PostCell.h; sourceTree = "<group>"; };
		5EE5241D1B5ABB440094592D /* PostCell.m */ = {isa = PBXFileReference; fileEncoding = 4; lastKnownFileType = sourcecode.c.objc; path = PostCell.m; sourceTree = "<group>"; };
		5EE5241F1B5B6FE10094592D /* PostDetailViewController.h */ = {isa = PBXFileReference; fileEncoding = 4; lastKnownFileType = sourcecode.c.h; path = PostDetailViewController.h; sourceTree = "<group>"; };
		5EE524201B5B6FE10094592D /* PostDetailViewController.m */ = {isa = PBXFileReference; fileEncoding = 4; lastKnownFileType = sourcecode.c.objc; path = PostDetailViewController.m; sourceTree = "<group>"; };
		5EE524221B5B75E20094592D /* Main.storyboard */ = {isa = PBXFileReference; fileEncoding = 4; lastKnownFileType = file.storyboard; path = Main.storyboard; sourceTree = "<group>"; };
		5EE524241B5B8FF10094592D /* PublicTimelineViewController.h */ = {isa = PBXFileReference; fileEncoding = 4; lastKnownFileType = sourcecode.c.h; path = PublicTimelineViewController.h; sourceTree = "<group>"; };
		5EE524251B5B8FF10094592D /* PublicTimelineViewController.m */ = {isa = PBXFileReference; fileEncoding = 4; lastKnownFileType = sourcecode.c.objc; path = PublicTimelineViewController.m; sourceTree = "<group>"; };
		5EE524271B5BD21C0094592D /* newsfeed.png */ = {isa = PBXFileReference; lastKnownFileType = image.png; path = newsfeed.png; sourceTree = "<group>"; };
		5EE524291B5BD79A0094592D /* MyTableViewController.h */ = {isa = PBXFileReference; fileEncoding = 4; lastKnownFileType = sourcecode.c.h; path = MyTableViewController.h; sourceTree = "<group>"; };
		5EE5242A1B5BD79A0094592D /* MyTableViewController.m */ = {isa = PBXFileReference; fileEncoding = 4; lastKnownFileType = sourcecode.c.objc; path = MyTableViewController.m; sourceTree = "<group>"; };
		5EE7E1361B974D2100CCC567 /* delete-32.png */ = {isa = PBXFileReference; lastKnownFileType = image.png; path = "delete-32.png"; sourceTree = "<group>"; };
		5EE7E1391B9C534300CCC567 /* Reachability.h */ = {isa = PBXFileReference; fileEncoding = 4; lastKnownFileType = sourcecode.c.h; path = Reachability.h; sourceTree = "<group>"; };
		5EE7E13A1B9C534300CCC567 /* Reachability.m */ = {isa = PBXFileReference; fileEncoding = 4; lastKnownFileType = sourcecode.c.objc; path = Reachability.m; sourceTree = "<group>"; };
		5EFB1CEB1B64CEFC00E2232C /* CustomButton.h */ = {isa = PBXFileReference; fileEncoding = 4; lastKnownFileType = sourcecode.c.h; path = CustomButton.h; sourceTree = "<group>"; };
		5EFB1CEC1B64CEFC00E2232C /* CustomButton.m */ = {isa = PBXFileReference; fileEncoding = 4; lastKnownFileType = sourcecode.c.objc; path = CustomButton.m; sourceTree = "<group>"; };
		5EFB1CFF1B6E02C900E2232C /* Helper.h */ = {isa = PBXFileReference; fileEncoding = 4; lastKnownFileType = sourcecode.c.h; path = Helper.h; sourceTree = "<group>"; };
		5EFB1D001B6E02C900E2232C /* Helper.m */ = {isa = PBXFileReference; fileEncoding = 4; lastKnownFileType = sourcecode.c.objc; path = Helper.m; sourceTree = "<group>"; };
		5EFB1D0A1B6E27AB00E2232C /* UserInfoViewController.h */ = {isa = PBXFileReference; fileEncoding = 4; lastKnownFileType = sourcecode.c.h; path = UserInfoViewController.h; sourceTree = "<group>"; };
		5EFB1D0B1B6E27AB00E2232C /* UserInfoViewController.m */ = {isa = PBXFileReference; fileEncoding = 4; lastKnownFileType = sourcecode.c.objc; path = UserInfoViewController.m; sourceTree = "<group>"; };
		5EFB1D101B7F874E00E2232C /* PostStatusViewController.h */ = {isa = PBXFileReference; fileEncoding = 4; lastKnownFileType = sourcecode.c.h; path = PostStatusViewController.h; sourceTree = "<group>"; };
		5EFB1D111B7F874E00E2232C /* PostStatusViewController.m */ = {isa = PBXFileReference; fileEncoding = 4; lastKnownFileType = sourcecode.c.objc; path = PostStatusViewController.m; sourceTree = "<group>"; };
		9AD6F276775615DC4873144E /* Pods.release.xcconfig */ = {isa = PBXFileReference; includeInIndex = 1; lastKnownFileType = text.xcconfig; name = Pods.release.xcconfig; path = "Pods/Target Support Files/Pods/Pods.release.xcconfig"; sourceTree = "<group>"; };
		F62834E5F5A8C4085F723C01 /* libPods.a */ = {isa = PBXFileReference; explicitFileType = archive.ar; includeInIndex = 0; path = libPods.a; sourceTree = BUILT_PRODUCTS_DIR; };
/* End PBXFileReference section */

/* Begin PBXFrameworksBuildPhase section */
		5EBFD35F1B4550180023C881 /* Frameworks */ = {
			isa = PBXFrameworksBuildPhase;
			buildActionMask = 2147483647;
			files = (
				1360406EA303E93337D5C206 /* libPods.a in Frameworks */,
			);
			runOnlyForDeploymentPostprocessing = 0;
		};
/* End PBXFrameworksBuildPhase section */

/* Begin PBXGroup section */
		5EBFD3591B4550180023C881 = {
			isa = PBXGroup;
			children = (
				5EBFD3641B4550180023C881 /* CroudiaCoolClient */,
				5EBFD37E1B4550180023C881 /* CroudiaCoolClientTests */,
				5EBFD3631B4550180023C881 /* Products */,
				9B650F701BE0C09D6BD670BF /* Pods */,
				734F4AB8EBC820DA0991957E /* Frameworks */,
			);
			sourceTree = "<group>";
		};
		5EBFD3631B4550180023C881 /* Products */ = {
			isa = PBXGroup;
			children = (
				5EBFD3621B4550180023C881 /* CroudiaCoolClient.app */,
			);
			name = Products;
			sourceTree = "<group>";
		};
		5EBFD3641B4550180023C881 /* CroudiaCoolClient */ = {
			isa = PBXGroup;
			children = (
				5EE7E1381B9C52A300CCC567 /* Plugins */,
				5EE524191B5AB9250094592D /* InterfaceBuilders */,
				5EE524081B527B7C0094592D /* Assets */,
				5EBFD38C1B4550F50023C881 /* Classes */,
				5EBFD38B1B4550EC0023C881 /* Models */,
				5EBFD3691B4550180023C881 /* AppDelegate.h */,
				5EBFD36A1B4550180023C881 /* AppDelegate.m */,
				5EBFD36C1B4550180023C881 /* ViewController.h */,
				5EBFD36D1B4550180023C881 /* ViewController.m */,
				5EBFD3721B4550180023C881 /* Images.xcassets */,
				5EBFD3741B4550180023C881 /* LaunchScreen.xib */,
				5EBFD3651B4550180023C881 /* Supporting Files */,
				5EE523F71B52087C0094592D /* LoginViewController.h */,
				5EE523F81B52087C0094592D /* LoginViewController.m */,
				5EE523FF1B520E450094592D /* Global.h */,
				5E5E21E61BDC7C3E00E74396 /* HomeTimelineViewController.h */,
				5E5E21E71BDC7C3E00E74396 /* HomeTimelineViewController.m */,
				5EE524001B520E450094592D /* Global.m */,
				5EE524051B527A7B0094592D /* MainTabBarViewController.h */,
				5EE524061B527A7B0094592D /* MainTabBarViewController.m */,
				5EE5241F1B5B6FE10094592D /* PostDetailViewController.h */,
				5EE524201B5B6FE10094592D /* PostDetailViewController.m */,
				5EE524241B5B8FF10094592D /* PublicTimelineViewController.h */,
				5EE524251B5B8FF10094592D /* PublicTimelineViewController.m */,
				5EE524291B5BD79A0094592D /* MyTableViewController.h */,
				5EE5242A1B5BD79A0094592D /* MyTableViewController.m */,
				5EFB1D0A1B6E27AB00E2232C /* UserInfoViewController.h */,
				5EFB1D0B1B6E27AB00E2232C /* UserInfoViewController.m */,
				5EFB1D101B7F874E00E2232C /* PostStatusViewController.h */,
				5EFB1D111B7F874E00E2232C /* PostStatusViewController.m */,
				5E5E21D71BDB78B000E74396 /* LeftMenuViewController.h */,
				5E5E21D81BDB78B000E74396 /* LeftMenuViewController.m */,
				5E0D2C0F1BFA22AC00E7DF28 /* Account.h */,
				5E0D2C101BFA22AC00E7DF28 /* Account.m */,
				5E0D2C181C04B3E100E7DF28 /* ChangeProfileViewController.h */,
				5E0D2C191C04B3E100E7DF28 /* ChangeProfileViewController.m */,
				5E0E87AC1C09DD54001A3A94 /* BaseViewController.h */,
				5E0E87AD1C09DD54001A3A94 /* BaseViewController.m */,
			);
			path = CroudiaCoolClient;
			sourceTree = "<group>";
		};
		5EBFD3651B4550180023C881 /* Supporting Files */ = {
			isa = PBXGroup;
			children = (
				5EBFD3661B4550180023C881 /* Info.plist */,
				5EBFD3671B4550180023C881 /* main.m */,
			);
			name = "Supporting Files";
			sourceTree = "<group>";
		};
		5EBFD37E1B4550180023C881 /* CroudiaCoolClientTests */ = {
			isa = PBXGroup;
			children = (
				5EBFD3811B4550180023C881 /* CroudiaCoolClientTests.m */,
				5EBFD37F1B4550180023C881 /* Supporting Files */,
			);
			path = CroudiaCoolClientTests;
			sourceTree = "<group>";
		};
		5EBFD37F1B4550180023C881 /* Supporting Files */ = {
			isa = PBXGroup;
			children = (
				5EBFD3801B4550180023C881 /* Info.plist */,
			);
			name = "Supporting Files";
			sourceTree = "<group>";
		};
		5EBFD38B1B4550EC0023C881 /* Models */ = {
			isa = PBXGroup;
			children = (
				5EE523E71B51F8680094592D /* User.h */,
				5EE523E81B51F8680094592D /* User.m */,
				5EE524161B5A8F380094592D /* Post.h */,
				5EE524171B5A8F380094592D /* Post.m */,
			);
			name = Models;
			sourceTree = "<group>";
		};
		5EBFD38C1B4550F50023C881 /* Classes */ = {
			isa = PBXGroup;
			children = (
				5EFB1CFF1B6E02C900E2232C /* Helper.h */,
				5EFB1D001B6E02C900E2232C /* Helper.m */,
				5E0D2C0B1BE60D3700E7DF28 /* CroudiaHTTPClient.h */,
				5E0D2C0C1BE60D3700E7DF28 /* CroudiaHTTPClient.m */,
			);
			name = Classes;
			sourceTree = "<group>";
		};
		5EE524081B527B7C0094592D /* Assets */ = {
			isa = PBXGroup;
			children = (
				5EE524091B527B860094592D /* Images */,
			);
			name = Assets;
			sourceTree = "<group>";
		};
		5EE524091B527B860094592D /* Images */ = {
			isa = PBXGroup;
			children = (
				5E5E21DE1BDC7A1A00E74396 /* Star-24.png */,
				5E0D2C131C02BB7E00E7DF28 /* profile-cover-default.jpeg */,
				5E0E87BA1C1425F5001A3A94 /* Get Image-32.png */,
				5EE5240C1B527EC40094592D /* Favorite.png */,
				5E5E21E21BDC7B1300E74396 /* Home-26.png */,
				5E5E21E31BDC7B1300E74396 /* Home-32.png */,
				5E5E21E01BDC7A9000E74396 /* Star-32.png */,
				5E4D4E7F1C09B1A000936FB5 /* Edit Image-26.png */,
				5E4D4E801C09B1A000936FB5 /* Edit Image-32.png */,
				5E4D4E811C09B1A000936FB5 /* Remove Image-32.png */,
				5E5E21DA1BDBDE5F00E74396 /* menu.png */,
				5E5E21DB1BDBDE5F00E74396 /* menu@2x.png */,
				5EE7E1361B974D2100CCC567 /* delete-32.png */,
				5EE524271B5BD21C0094592D /* newsfeed.png */,
				5EE5240A1B527D1F0094592D /* Home.png */,
			);
			name = Images;
			sourceTree = "<group>";
		};
		5EE524191B5AB9250094592D /* InterfaceBuilders */ = {
			isa = PBXGroup;
			children = (
				5EE5241A1B5AB98F0094592D /* PostCell.xib */,
				5EE524221B5B75E20094592D /* Main.storyboard */,
				5EE5241C1B5ABB440094592D /* PostCell.h */,
				5E0E87B71C1424A4001A3A94 /* CommentBox.h */,
				5E0E87B81C1424A4001A3A94 /* CommentBox.m */,
				5EE5241D1B5ABB440094592D /* PostCell.m */,
				5EFB1CEB1B64CEFC00E2232C /* CustomButton.h */,
				5EFB1CEC1B64CEFC00E2232C /* CustomButton.m */,
				5E5E21D51BD6839900E74396 /* Login.storyboard */,
				5E0E87B51C142365001A3A94 /* CommentBox.xib */,
			);
			name = InterfaceBuilders;
			sourceTree = "<group>";
		};
		5EE7E1381B9C52A300CCC567 /* Plugins */ = {
			isa = PBXGroup;
			children = (
				5E5E21D21BCFEA0800E74396 /* SWRevealViewController.h */,
				5E5E21D31BCFEA0800E74396 /* SWRevealViewController.m */,
				5EE7E1391B9C534300CCC567 /* Reachability.h */,
				5EE7E13A1B9C534300CCC567 /* Reachability.m */,
			);
			name = Plugins;
			sourceTree = "<group>";
		};
		734F4AB8EBC820DA0991957E /* Frameworks */ = {
			isa = PBXGroup;
			children = (
				5EBFD3941B45519B0023C881 /* libPods-AFNetworking.a */,
				F62834E5F5A8C4085F723C01 /* libPods.a */,
			);
			name = Frameworks;
			sourceTree = "<group>";
		};
		9B650F701BE0C09D6BD670BF /* Pods */ = {
			isa = PBXGroup;
			children = (
				30562C081B1391D0B6E50F1F /* Pods.debug.xcconfig */,
				9AD6F276775615DC4873144E /* Pods.release.xcconfig */,
			);
			name = Pods;
			sourceTree = "<group>";
		};
/* End PBXGroup section */

/* Begin PBXNativeTarget section */
		5EBFD3611B4550180023C881 /* CroudiaCoolClient */ = {
			isa = PBXNativeTarget;
			buildConfigurationList = 5EBFD3851B4550180023C881 /* Build configuration list for PBXNativeTarget "CroudiaCoolClient" */;
			buildPhases = (
				0C08EC256D4F0DEB74F87696 /* Check Pods Manifest.lock */,
				5EBFD35E1B4550180023C881 /* Sources */,
				5EBFD35F1B4550180023C881 /* Frameworks */,
				5EBFD3601B4550180023C881 /* Resources */,
				20BA9326895340B22E0845EE /* Copy Pods Resources */,
				9D26E8B82C1D421A7848B55E /* Embed Pods Frameworks */,
			);
			buildRules = (
			);
			dependencies = (
			);
			name = CroudiaCoolClient;
			productName = CroudiaCoolClient;
			productReference = 5EBFD3621B4550180023C881 /* CroudiaCoolClient.app */;
			productType = "com.apple.product-type.application";
		};
/* End PBXNativeTarget section */

/* Begin PBXProject section */
		5EBFD35A1B4550180023C881 /* Project object */ = {
			isa = PBXProject;
			attributes = {
				LastUpgradeCheck = 0630;
				ORGANIZATIONNAME = "___AA___";
				TargetAttributes = {
					5EBFD3611B4550180023C881 = {
						CreatedOnToolsVersion = 6.3.2;
					};
				};
			};
			buildConfigurationList = 5EBFD35D1B4550180023C881 /* Build configuration list for PBXProject "CroudiaCoolClient" */;
			compatibilityVersion = "Xcode 3.2";
			developmentRegion = English;
			hasScannedForEncodings = 0;
			knownRegions = (
				en,
				Base,
			);
			mainGroup = 5EBFD3591B4550180023C881;
			productRefGroup = 5EBFD3631B4550180023C881 /* Products */;
			projectDirPath = "";
			projectRoot = "";
			targets = (
				5EBFD3611B4550180023C881 /* CroudiaCoolClient */,
			);
		};
/* End PBXProject section */

/* Begin PBXResourcesBuildPhase section */
		5EBFD3601B4550180023C881 /* Resources */ = {
			isa = PBXResourcesBuildPhase;
			buildActionMask = 2147483647;
			files = (
				5E0E87BB1C1425F5001A3A94 /* Get Image-32.png in Resources */,
				5E5E21DD1BDBDE5F00E74396 /* menu@2x.png in Resources */,
				5EE5241B1B5AB98F0094592D /* PostCell.xib in Resources */,
				5EE5240D1B527EC40094592D /* Favorite.png in Resources */,
				5EE5240B1B527D1F0094592D /* Home.png in Resources */,
				5EE524231B5B75E20094592D /* Main.storyboard in Resources */,
				5EE524281B5BD21C0094592D /* newsfeed.png in Resources */,
				5E5E21E51BDC7B1300E74396 /* Home-32.png in Resources */,
				5EBFD3761B4550180023C881 /* LaunchScreen.xib in Resources */,
				5E5E21E11BDC7A9000E74396 /* Star-32.png in Resources */,
				5E4D4E841C09B1A000936FB5 /* Remove Image-32.png in Resources */,
				5E5E21DF1BDC7A1A00E74396 /* Star-24.png in Resources */,
				5E0E87B61C142365001A3A94 /* CommentBox.xib in Resources */,
				5EE7E1371B974D2100CCC567 /* delete-32.png in Resources */,
				5E5E21DC1BDBDE5F00E74396 /* menu.png in Resources */,
				5E5E21D61BD6839900E74396 /* Login.storyboard in Resources */,
				5E4D4E831C09B1A000936FB5 /* Edit Image-32.png in Resources */,
				5E4D4E821C09B1A000936FB5 /* Edit Image-26.png in Resources */,
				5E0D2C141C02BB7E00E7DF28 /* profile-cover-default.jpeg in Resources */,
				5E5E21E41BDC7B1300E74396 /* Home-26.png in Resources */,
				5EBFD3731B4550180023C881 /* Images.xcassets in Resources */,
			);
			runOnlyForDeploymentPostprocessing = 0;
		};
/* End PBXResourcesBuildPhase section */

/* Begin PBXShellScriptBuildPhase section */
		0C08EC256D4F0DEB74F87696 /* Check Pods Manifest.lock */ = {
			isa = PBXShellScriptBuildPhase;
			buildActionMask = 2147483647;
			files = (
			);
			inputPaths = (
			);
			name = "Check Pods Manifest.lock";
			outputPaths = (
			);
			runOnlyForDeploymentPostprocessing = 0;
			shellPath = /bin/sh;
			shellScript = "diff \"${PODS_ROOT}/../Podfile.lock\" \"${PODS_ROOT}/Manifest.lock\" > /dev/null\nif [[ $? != 0 ]] ; then\n    cat << EOM\nerror: The sandbox is not in sync with the Podfile.lock. Run 'pod install' or update your CocoaPods installation.\nEOM\n    exit 1\nfi\n";
			showEnvVarsInLog = 0;
		};
		20BA9326895340B22E0845EE /* Copy Pods Resources */ = {
			isa = PBXShellScriptBuildPhase;
			buildActionMask = 2147483647;
			files = (
			);
			inputPaths = (
			);
			name = "Copy Pods Resources";
			outputPaths = (
			);
			runOnlyForDeploymentPostprocessing = 0;
			shellPath = /bin/sh;
			shellScript = "\"${SRCROOT}/Pods/Target Support Files/Pods/Pods-resources.sh\"\n";
			showEnvVarsInLog = 0;
		};
		9D26E8B82C1D421A7848B55E /* Embed Pods Frameworks */ = {
			isa = PBXShellScriptBuildPhase;
			buildActionMask = 2147483647;
			files = (
			);
			inputPaths = (
			);
			name = "Embed Pods Frameworks";
			outputPaths = (
			);
			runOnlyForDeploymentPostprocessing = 0;
			shellPath = /bin/sh;
			shellScript = "\"${SRCROOT}/Pods/Target Support Files/Pods/Pods-frameworks.sh\"\n";
			showEnvVarsInLog = 0;
		};
/* End PBXShellScriptBuildPhase section */

/* Begin PBXSourcesBuildPhase section */
		5EBFD35E1B4550180023C881 /* Sources */ = {
			isa = PBXSourcesBuildPhase;
			buildActionMask = 2147483647;
			files = (
				5EFB1CED1B64CEFC00E2232C /* CustomButton.m in Sources */,
				5EE524071B527A7B0094592D /* MainTabBarViewController.m in Sources */,
				5EE523E91B51F8680094592D /* User.m in Sources */,
				5E5E21D41BCFEA0800E74396 /* SWRevealViewController.m in Sources */,
				5EE524261B5B8FF10094592D /* PublicTimelineViewController.m in Sources */,
				5EBFD36E1B4550180023C881 /* ViewController.m in Sources */,
				5EFB1D011B6E02C900E2232C /* Helper.m in Sources */,
				5EE523F91B52087C0094592D /* LoginViewController.m in Sources */,
				5EBFD36B1B4550180023C881 /* AppDelegate.m in Sources */,
				5EE5242B1B5BD79A0094592D /* MyTableViewController.m in Sources */,
				5EFB1D0C1B6E27AB00E2232C /* UserInfoViewController.m in Sources */,
				5E0E87AE1C09DD54001A3A94 /* BaseViewController.m in Sources */,
				5EE7E13B1B9C534300CCC567 /* Reachability.m in Sources */,
				5EE524011B520E450094592D /* Global.m in Sources */,
				5EBFD3681B4550180023C881 /* main.m in Sources */,
				5E0D2C1A1C04B3E100E7DF28 /* ChangeProfileViewController.m in Sources */,
				5E5E21E81BDC7C3E00E74396 /* HomeTimelineViewController.m in Sources */,
				5EFB1D121B7F874E00E2232C /* PostStatusViewController.m in Sources */,
				5EE524211B5B6FE10094592D /* PostDetailViewController.m in Sources */,
				5E0E87B91C1424A4001A3A94 /* CommentBox.m in Sources */,
				5E0D2C111BFA22AC00E7DF28 /* Account.m in Sources */,
				5EE524181B5A8F380094592D /* Post.m in Sources */,
				5E0D2C0D1BE60D3700E7DF28 /* CroudiaHTTPClient.m in Sources */,
				5EE5241E1B5ABB440094592D /* PostCell.m in Sources */,
				5E5E21D91BDB78B000E74396 /* LeftMenuViewController.m in Sources */,
			);
			runOnlyForDeploymentPostprocessing = 0;
		};
/* End PBXSourcesBuildPhase section */

/* Begin PBXVariantGroup section */
		5EBFD3741B4550180023C881 /* LaunchScreen.xib */ = {
			isa = PBXVariantGroup;
			children = (
				5EBFD3751B4550180023C881 /* Base */,
			);
			name = LaunchScreen.xib;
			sourceTree = "<group>";
		};
/* End PBXVariantGroup section */

/* Begin XCBuildConfiguration section */
		5EBFD3831B4550180023C881 /* Debug */ = {
			isa = XCBuildConfiguration;
			buildSettings = {
				ALWAYS_SEARCH_USER_PATHS = NO;
				CLANG_CXX_LANGUAGE_STANDARD = "gnu++0x";
				CLANG_CXX_LIBRARY = "libc++";
				CLANG_ENABLE_MODULES = YES;
				CLANG_ENABLE_OBJC_ARC = YES;
				CLANG_WARN_BOOL_CONVERSION = YES;
				CLANG_WARN_CONSTANT_CONVERSION = YES;
				CLANG_WARN_DIRECT_OBJC_ISA_USAGE = YES_ERROR;
				CLANG_WARN_EMPTY_BODY = YES;
				CLANG_WARN_ENUM_CONVERSION = YES;
				CLANG_WARN_INT_CONVERSION = YES;
				CLANG_WARN_OBJC_ROOT_CLASS = YES_ERROR;
				CLANG_WARN_UNREACHABLE_CODE = YES;
				CLANG_WARN__DUPLICATE_METHOD_MATCH = YES;
				"CODE_SIGN_IDENTITY[sdk=iphoneos*]" = "iPhone Developer";
				COPY_PHASE_STRIP = NO;
				DEBUG_INFORMATION_FORMAT = "dwarf-with-dsym";
				ENABLE_STRICT_OBJC_MSGSEND = YES;
				GCC_C_LANGUAGE_STANDARD = gnu99;
				GCC_DYNAMIC_NO_PIC = NO;
				GCC_NO_COMMON_BLOCKS = YES;
				GCC_OPTIMIZATION_LEVEL = 0;
				GCC_PREPROCESSOR_DEFINITIONS = (
					"DEBUG=1",
					"$(inherited)",
				);
				GCC_SYMBOLS_PRIVATE_EXTERN = NO;
				GCC_WARN_64_TO_32_BIT_CONVERSION = YES;
				GCC_WARN_ABOUT_RETURN_TYPE = YES_ERROR;
				GCC_WARN_UNDECLARED_SELECTOR = YES;
				GCC_WARN_UNINITIALIZED_AUTOS = YES_AGGRESSIVE;
				GCC_WARN_UNUSED_FUNCTION = YES;
				GCC_WARN_UNUSED_VARIABLE = YES;
				IPHONEOS_DEPLOYMENT_TARGET = 8.2;
				MTL_ENABLE_DEBUG_INFO = YES;
				ONLY_ACTIVE_ARCH = YES;
				SDKROOT = iphoneos;
			};
			name = Debug;
		};
		5EBFD3841B4550180023C881 /* Release */ = {
			isa = XCBuildConfiguration;
			buildSettings = {
				ALWAYS_SEARCH_USER_PATHS = NO;
				CLANG_CXX_LANGUAGE_STANDARD = "gnu++0x";
				CLANG_CXX_LIBRARY = "libc++";
				CLANG_ENABLE_MODULES = YES;
				CLANG_ENABLE_OBJC_ARC = YES;
				CLANG_WARN_BOOL_CONVERSION = YES;
				CLANG_WARN_CONSTANT_CONVERSION = YES;
				CLANG_WARN_DIRECT_OBJC_ISA_USAGE = YES_ERROR;
				CLANG_WARN_EMPTY_BODY = YES;
				CLANG_WARN_ENUM_CONVERSION = YES;
				CLANG_WARN_INT_CONVERSION = YES;
				CLANG_WARN_OBJC_ROOT_CLASS = YES_ERROR;
				CLANG_WARN_UNREACHABLE_CODE = YES;
				CLANG_WARN__DUPLICATE_METHOD_MATCH = YES;
				"CODE_SIGN_IDENTITY[sdk=iphoneos*]" = "iPhone Developer";
				COPY_PHASE_STRIP = NO;
				DEBUG_INFORMATION_FORMAT = "dwarf-with-dsym";
				ENABLE_NS_ASSERTIONS = NO;
				ENABLE_STRICT_OBJC_MSGSEND = YES;
				GCC_C_LANGUAGE_STANDARD = gnu99;
				GCC_NO_COMMON_BLOCKS = YES;
				GCC_WARN_64_TO_32_BIT_CONVERSION = YES;
				GCC_WARN_ABOUT_RETURN_TYPE = YES_ERROR;
				GCC_WARN_UNDECLARED_SELECTOR = YES;
				GCC_WARN_UNINITIALIZED_AUTOS = YES_AGGRESSIVE;
				GCC_WARN_UNUSED_FUNCTION = YES;
				GCC_WARN_UNUSED_VARIABLE = YES;
				IPHONEOS_DEPLOYMENT_TARGET = 8.2;
				MTL_ENABLE_DEBUG_INFO = NO;
				SDKROOT = iphoneos;
				VALIDATE_PRODUCT = YES;
			};
			name = Release;
		};
		5EBFD3861B4550180023C881 /* Debug */ = {
			isa = XCBuildConfiguration;
			baseConfigurationReference = 30562C081B1391D0B6E50F1F /* Pods.debug.xcconfig */;
			buildSettings = {
				ASSETCATALOG_COMPILER_APPICON_NAME = AppIcon;
				INFOPLIST_FILE = CroudiaCoolClient/Info.plist;
				IPHONEOS_DEPLOYMENT_TARGET = 8.0;
				LD_RUNPATH_SEARCH_PATHS = "$(inherited) @executable_path/Frameworks";
				LIBRARY_SEARCH_PATHS = (
					"$(inherited)",
					"$(PROJECT_DIR)/build/Debug-iphoneos",
				);
				PRODUCT_NAME = "$(TARGET_NAME)";
			};
			name = Debug;
		};
		5EBFD3871B4550180023C881 /* Release */ = {
			isa = XCBuildConfiguration;
			baseConfigurationReference = 9AD6F276775615DC4873144E /* Pods.release.xcconfig */;
			buildSettings = {
				ASSETCATALOG_COMPILER_APPICON_NAME = AppIcon;
				INFOPLIST_FILE = CroudiaCoolClient/Info.plist;
				IPHONEOS_DEPLOYMENT_TARGET = 8.0;
				LD_RUNPATH_SEARCH_PATHS = "$(inherited) @executable_path/Frameworks";
				LIBRARY_SEARCH_PATHS = (
					"$(inherited)",
					"$(PROJECT_DIR)/build/Debug-iphoneos",
				);
				PRODUCT_NAME = "$(TARGET_NAME)";
			};
			name = Release;
		};
/* End XCBuildConfiguration section */

/* Begin XCConfigurationList section */
		5EBFD35D1B4550180023C881 /* Build configuration list for PBXProject "CroudiaCoolClient" */ = {
			isa = XCConfigurationList;
			buildConfigurations = (
				5EBFD3831B4550180023C881 /* Debug */,
				5EBFD3841B4550180023C881 /* Release */,
			);
			defaultConfigurationIsVisible = 0;
			defaultConfigurationName = Release;
		};
		5EBFD3851B4550180023C881 /* Build configuration list for PBXNativeTarget "CroudiaCoolClient" */ = {
			isa = XCConfigurationList;
			buildConfigurations = (
				5EBFD3861B4550180023C881 /* Debug */,
				5EBFD3871B4550180023C881 /* Release */,
			);
			defaultConfigurationIsVisible = 0;
			defaultConfigurationName = Release;
		};
/* End XCConfigurationList section */
	};
	rootObject = 5EBFD35A1B4550180023C881 /* Project object */;
}
